{
    "version": 3,
    "terraform_version": "0.11.8",
    "serial": 12,
    "lineage": "628c275d-bd17-ed16-bad9-bd0b2db113b1",
    "modules": [
        {
            "path": [
                "root"
            ],
            "outputs": {},
            "resources": {},
            "depends_on": []
        },
        {
            "path": [
                "root",
                "etcd"
            ],
            "outputs": {
                "sg-id": {
                    "sensitive": false,
                    "type": "string",
                    "value": "sg-034792570182dcf78"
                }
            },
            "resources": {
                "aws_autoscaling_group.asg": {
                    "type": "aws_autoscaling_group",
                    "depends_on": [
                        "aws_launch_configuration.lc"
                    ],
                    "primary": {
                        "id": "kismatic-dev-etcd",
                        "attributes": {
                            "arn": "arn:aws:autoscaling:eu-west-1:757234920375:autoScalingGroup:201794ae-9395-40bb-9d1b-6100fcde7610:autoScalingGroupName/kismatic-dev-etcd",
                            "availability_zones.#": "1",
                            "availability_zones.1924028850": "eu-west-1b",
                            "default_cooldown": "300",
                            "desired_capacity": "1",
                            "enabled_metrics.#": "0",
                            "force_delete": "false",
                            "health_check_grace_period": "60",
                            "health_check_type": "EC2",
                            "id": "kismatic-dev-etcd",
                            "launch_configuration": "kismatic-dev-lc-etcd-20180829232956449300000002",
                            "launch_template.#": "0",
                            "load_balancers.#": "0",
                            "max_size": "1",
                            "metrics_granularity": "1Minute",
                            "min_size": "1",
                            "name": "kismatic-dev-etcd",
                            "placement_group": "",
                            "protect_from_scale_in": "false",
                            "service_linked_role_arn": "arn:aws:iam::757234920375:role/aws-service-role/autoscaling.amazonaws.com/AWSServiceRoleForAutoScaling",
                            "suspended_processes.#": "0",
                            "tag.#": "0",
                            "tags.#": "1",
                            "tags.0.%": "3",
                            "tags.0.key": "KubernetesClusterID",
                            "tags.0.propagate_at_launch": "1",
                            "tags.0.value": "kubernetes",
                            "target_group_arns.#": "0",
                            "termination_policies.#": "0",
                            "vpc_zone_identifier.#": "1",
                            "vpc_zone_identifier.745266452": "subnet-0331cf0b38b666e6a",
                            "wait_for_capacity_timeout": "0"
                        },
                        "meta": {
                            "e2bfb730-ecaa-11e6-8f88-34363bc7c4c0": {
                                "delete": 600000000000
                            }
                        },
                        "tainted": false
                    },
                    "deposed": [],
                    "provider": "provider.aws"
                },
                "aws_launch_configuration.lc": {
                    "type": "aws_launch_configuration",
                    "depends_on": [
                        "aws_security_group.sg"
                    ],
                    "primary": {
                        "id": "kismatic-dev-lc-etcd-20180829232956449300000002",
                        "attributes": {
                            "associate_public_ip_address": "true",
                            "ebs_block_device.#": "0",
                            "ebs_optimized": "false",
                            "enable_monitoring": "true",
                            "ephemeral_block_device.#": "0",
                            "iam_instance_profile": "box-instance-profile",
                            "id": "kismatic-dev-lc-etcd-20180829232956449300000002",
                            "image_id": "ami-7c491f05",
                            "instance_type": "t2.micro",
                            "key_name": "kismatic",
                            "name": "kismatic-dev-lc-etcd-20180829232956449300000002",
                            "name_prefix": "kismatic-dev-lc-etcd-",
                            "root_block_device.#": "0",
                            "security_groups.#": "1",
                            "security_groups.653873722": "sg-034792570182dcf78",
                            "spot_price": "",
                            "vpc_classic_link_id": "",
                            "vpc_classic_link_security_groups.#": "0"
                        },
                        "meta": {},
                        "tainted": false
                    },
                    "deposed": [],
                    "provider": "provider.aws"
                },
                "aws_security_group.sg": {
                    "type": "aws_security_group",
                    "depends_on": [],
                    "primary": {
                        "id": "sg-034792570182dcf78",
                        "attributes": {
                            "arn": "arn:aws:ec2:eu-west-1:757234920375:security-group/sg-034792570182dcf78",
                            "description": "etcd security group",
                            "egress.#": "1",
                            "egress.1986995490.cidr_blocks.#": "1",
                            "egress.1986995490.cidr_blocks.0": "0.0.0.0/0",
                            "egress.1986995490.description": "",
                            "egress.1986995490.from_port": "0",
                            "egress.1986995490.ipv6_cidr_blocks.#": "1",
                            "egress.1986995490.ipv6_cidr_blocks.0": "::/0",
                            "egress.1986995490.prefix_list_ids.#": "0",
                            "egress.1986995490.protocol": "-1",
                            "egress.1986995490.security_groups.#": "0",
                            "egress.1986995490.self": "false",
                            "egress.1986995490.to_port": "0",
                            "id": "sg-034792570182dcf78",
                            "ingress.#": "1",
                            "ingress.1986995490.cidr_blocks.#": "1",
                            "ingress.1986995490.cidr_blocks.0": "0.0.0.0/0",
                            "ingress.1986995490.description": "",
                            "ingress.1986995490.from_port": "0",
                            "ingress.1986995490.ipv6_cidr_blocks.#": "1",
                            "ingress.1986995490.ipv6_cidr_blocks.0": "::/0",
                            "ingress.1986995490.protocol": "-1",
                            "ingress.1986995490.security_groups.#": "0",
                            "ingress.1986995490.self": "false",
                            "ingress.1986995490.to_port": "0",
                            "name": "kismatic-dev-etcd-sg",
                            "owner_id": "757234920375",
                            "revoke_rules_on_delete": "false",
                            "tags.%": "3",
                            "tags.KubernetesCluster": "kubernetes",
                            "tags.KubernetesClusterID": "kubernetes",
                            "tags.Name": "kismatic-dev-etcd-sg",
                            "vpc_id": "vpc-0ce56716cb4771232"
                        },
                        "meta": {
                            "e2bfb730-ecaa-11e6-8f88-34363bc7c4c0": {
                                "create": 600000000000,
                                "delete": 600000000000
                            },
                            "schema_version": "1"
                        },
                        "tainted": false
                    },
                    "deposed": [],
                    "provider": "provider.aws"
                },
                "aws_security_group_rule.egress": {
                    "type": "aws_security_group_rule",
                    "depends_on": [
                        "aws_security_group.sg"
                    ],
                    "primary": {
                        "id": "sgrule-2135555112",
                        "attributes": {
                            "cidr_blocks.#": "1",
                            "cidr_blocks.0": "0.0.0.0/0",
                            "description": "",
                            "from_port": "0",
                            "id": "sgrule-2135555112",
                            "ipv6_cidr_blocks.#": "1",
                            "ipv6_cidr_blocks.0": "::/0",
                            "prefix_list_ids.#": "0",
                            "protocol": "-1",
                            "security_group_id": "sg-034792570182dcf78",
                            "self": "false",
                            "to_port": "0",
                            "type": "egress"
                        },
                        "meta": {
                            "schema_version": "2"
                        },
                        "tainted": false
                    },
                    "deposed": [],
                    "provider": "provider.aws"
                },
                "aws_security_group_rule.ingress": {
                    "type": "aws_security_group_rule",
                    "depends_on": [
                        "aws_security_group.sg"
                    ],
                    "primary": {
                        "id": "sgrule-2330085387",
                        "attributes": {
                            "cidr_blocks.#": "1",
                            "cidr_blocks.0": "0.0.0.0/0",
                            "description": "",
                            "from_port": "0",
                            "id": "sgrule-2330085387",
                            "ipv6_cidr_blocks.#": "1",
                            "ipv6_cidr_blocks.0": "::/0",
                            "prefix_list_ids.#": "0",
                            "protocol": "-1",
                            "security_group_id": "sg-034792570182dcf78",
                            "self": "false",
                            "to_port": "0",
                            "type": "ingress"
                        },
                        "meta": {
                            "schema_version": "2"
                        },
                        "tainted": false
                    },
                    "deposed": [],
                    "provider": "provider.aws"
                }
            },
            "depends_on": []
        },
        {
            "path": [
                "root",
                "iam"
            ],
            "outputs": {
                "iam_instance_profile_box": {
                    "sensitive": false,
                    "type": "string",
                    "value": "box-instance-profile"
                }
            },
            "resources": {
                "aws_iam_instance_profile.box-instance-profile": {
                    "type": "aws_iam_instance_profile",
                    "depends_on": [
                        "aws_iam_role.box-instance-role"
                    ],
                    "primary": {
                        "id": "box-instance-profile",
                        "attributes": {
                            "arn": "arn:aws:iam::757234920375:instance-profile/box-instance-profile",
                            "create_date": "2018-08-29T23:29:40Z",
                            "id": "box-instance-profile",
                            "name": "box-instance-profile",
                            "path": "/",
                            "role": "box-instance-role",
                            "roles.#": "1",
                            "roles.2580803053": "box-instance-role",
                            "unique_id": "AIPAJCET575IHISLAPFWO"
                        },
                        "meta": {},
                        "tainted": false
                    },
                    "deposed": [],
                    "provider": "provider.aws"
                },
                "aws_iam_policy.box-instance-policy": {
                    "type": "aws_iam_policy",
                    "depends_on": [],
                    "primary": {
                        "id": "arn:aws:iam::757234920375:policy/box-instance-policy",
                        "attributes": {
                            "arn": "arn:aws:iam::757234920375:policy/box-instance-policy",
                            "id": "arn:aws:iam::757234920375:policy/box-instance-policy",
                            "name": "box-instance-policy",
                            "path": "/",
                            "policy": "{\n  \"Version\": \"2012-10-17\",\n  \"Statement\": [\n    {\n      \"Effect\": \"Allow\",\n      \"Action\": \"*\",\n      \"Resource\": \"*\"\n    }\n  ]\n}"
                        },
                        "meta": {},
                        "tainted": false
                    },
                    "deposed": [],
                    "provider": "provider.aws"
                },
                "aws_iam_policy_attachment.box-ec2-fullaccess-policy-attach": {
                    "type": "aws_iam_policy_attachment",
                    "depends_on": [
                        "aws_iam_policy.box-instance-policy",
                        "aws_iam_role.box-instance-role"
                    ],
                    "primary": {
                        "id": "box-ec2-fullaccess-policy",
                        "attributes": {
                            "groups.#": "0",
                            "id": "box-ec2-fullaccess-policy",
                            "name": "box-ec2-fullaccess-policy",
                            "policy_arn": "arn:aws:iam::757234920375:policy/box-instance-policy",
                            "roles.#": "1",
                            "roles.2580803053": "box-instance-role",
                            "users.#": "0"
                        },
                        "meta": {},
                        "tainted": false
                    },
                    "deposed": [],
                    "provider": "provider.aws"
                },
                "aws_iam_role.box-instance-role": {
                    "type": "aws_iam_role",
                    "depends_on": [
                        "data.aws_iam_policy_document.assume-role-policy"
                    ],
                    "primary": {
                        "id": "box-instance-role",
                        "attributes": {
                            "arn": "arn:aws:iam::757234920375:role/box-instance-role",
                            "assume_role_policy": "{\"Version\":\"2012-10-17\",\"Statement\":[{\"Sid\":\"\",\"Effect\":\"Allow\",\"Principal\":{\"Service\":\"ec2.amazonaws.com\"},\"Action\":\"sts:AssumeRole\"}]}",
                            "create_date": "2018-08-29T23:29:39Z",
                            "description": "Managed by terraform",
                            "force_detach_policies": "false",
                            "id": "box-instance-role",
                            "max_session_duration": "3600",
                            "name": "box-instance-role",
                            "path": "/",
                            "unique_id": "AROAICK7YWEF7PFHVTDE4"
                        },
                        "meta": {},
                        "tainted": false
                    },
                    "deposed": [],
                    "provider": "provider.aws"
                },
                "data.aws_iam_policy_document.assume-role-policy": {
                    "type": "aws_iam_policy_document",
                    "depends_on": [],
                    "primary": {
                        "id": "1903849331",
                        "attributes": {
                            "id": "1903849331",
                            "json": "{\n  \"Version\": \"2012-10-17\",\n  \"Statement\": [\n    {\n      \"Sid\": \"\",\n      \"Effect\": \"Allow\",\n      \"Action\": \"sts:AssumeRole\",\n      \"Principal\": {\n        \"Service\": \"ec2.amazonaws.com\"\n      }\n    }\n  ]\n}",
                            "statement.#": "1",
                            "statement.0.actions.#": "1",
                            "statement.0.actions.2528466339": "sts:AssumeRole",
                            "statement.0.condition.#": "0",
                            "statement.0.effect": "Allow",
                            "statement.0.not_actions.#": "0",
                            "statement.0.not_principals.#": "0",
                            "statement.0.not_resources.#": "0",
                            "statement.0.principals.#": "1",
                            "statement.0.principals.1134724139.identifiers.#": "1",
                            "statement.0.principals.1134724139.identifiers.3655884555": "ec2.amazonaws.com",
                            "statement.0.principals.1134724139.type": "Service",
                            "statement.0.resources.#": "0",
                            "statement.0.sid": ""
                        },
                        "meta": {},
                        "tainted": false
                    },
                    "deposed": [],
                    "provider": "provider.aws"
                }
            },
            "depends_on": []
        },
        {
            "path": [
                "root",
                "master"
            ],
            "outputs": {
                "sg-id": {
                    "sensitive": false,
                    "type": "string",
                    "value": "sg-0a583b075720b9539"
                }
            },
            "resources": {
                "aws_autoscaling_group.asg": {
                    "type": "aws_autoscaling_group",
                    "depends_on": [
                        "aws_launch_configuration.lc"
                    ],
                    "primary": {
                        "id": "kismatic-dev-master",
                        "attributes": {
                            "arn": "arn:aws:autoscaling:eu-west-1:757234920375:autoScalingGroup:a3d92bfc-ff70-4224-806d-54886f07627a:autoScalingGroupName/kismatic-dev-master",
                            "availability_zones.#": "1",
                            "availability_zones.3953592328": "eu-west-1a",
                            "default_cooldown": "300",
                            "desired_capacity": "1",
                            "enabled_metrics.#": "0",
                            "force_delete": "false",
                            "health_check_grace_period": "60",
                            "health_check_type": "EC2",
                            "id": "kismatic-dev-master",
                            "launch_configuration": "kismatic-dev-lc-master-20180829232956441900000001",
                            "launch_template.#": "0",
                            "load_balancers.#": "0",
                            "max_size": "1",
                            "metrics_granularity": "1Minute",
                            "min_size": "1",
                            "name": "kismatic-dev-master",
                            "placement_group": "",
                            "protect_from_scale_in": "false",
                            "service_linked_role_arn": "arn:aws:iam::757234920375:role/aws-service-role/autoscaling.amazonaws.com/AWSServiceRoleForAutoScaling",
                            "suspended_processes.#": "0",
                            "tag.#": "0",
                            "tags.#": "1",
                            "tags.0.%": "3",
                            "tags.0.key": "KubernetesClusterID",
                            "tags.0.propagate_at_launch": "1",
                            "tags.0.value": "kubernetes",
                            "target_group_arns.#": "0",
                            "termination_policies.#": "0",
                            "vpc_zone_identifier.#": "1",
                            "vpc_zone_identifier.3208342336": "subnet-0fd3173a1a685d0c1",
                            "wait_for_capacity_timeout": "0"
                        },
                        "meta": {
                            "e2bfb730-ecaa-11e6-8f88-34363bc7c4c0": {
                                "delete": 600000000000
                            }
                        },
                        "tainted": false
                    },
                    "deposed": [],
                    "provider": "provider.aws"
                },
                "aws_launch_configuration.lc": {
                    "type": "aws_launch_configuration",
                    "depends_on": [
                        "aws_security_group.sg"
                    ],
                    "primary": {
                        "id": "kismatic-dev-lc-master-20180829232956441900000001",
                        "attributes": {
                            "associate_public_ip_address": "true",
                            "ebs_block_device.#": "0",
                            "ebs_optimized": "false",
                            "enable_monitoring": "true",
                            "ephemeral_block_device.#": "0",
                            "iam_instance_profile": "box-instance-profile",
                            "id": "kismatic-dev-lc-master-20180829232956441900000001",
                            "image_id": "ami-7c491f05",
                            "instance_type": "t2.micro",
                            "key_name": "kismatic",
                            "name": "kismatic-dev-lc-master-20180829232956441900000001",
                            "name_prefix": "kismatic-dev-lc-master-",
                            "root_block_device.#": "0",
                            "security_groups.#": "1",
                            "security_groups.3258813915": "sg-0a583b075720b9539",
                            "spot_price": "",
                            "vpc_classic_link_id": "",
                            "vpc_classic_link_security_groups.#": "0"
                        },
                        "meta": {},
                        "tainted": false
                    },
                    "deposed": [],
                    "provider": "provider.aws"
                },
                "aws_security_group.sg": {
                    "type": "aws_security_group",
                    "depends_on": [],
                    "primary": {
                        "id": "sg-0a583b075720b9539",
                        "attributes": {
                            "arn": "arn:aws:ec2:eu-west-1:757234920375:security-group/sg-0a583b075720b9539",
                            "description": "master security group",
                            "egress.#": "1",
                            "egress.1986995490.cidr_blocks.#": "1",
                            "egress.1986995490.cidr_blocks.0": "0.0.0.0/0",
                            "egress.1986995490.description": "",
                            "egress.1986995490.from_port": "0",
                            "egress.1986995490.ipv6_cidr_blocks.#": "1",
                            "egress.1986995490.ipv6_cidr_blocks.0": "::/0",
                            "egress.1986995490.prefix_list_ids.#": "0",
                            "egress.1986995490.protocol": "-1",
                            "egress.1986995490.security_groups.#": "0",
                            "egress.1986995490.self": "false",
                            "egress.1986995490.to_port": "0",
                            "id": "sg-0a583b075720b9539",
                            "ingress.#": "1",
                            "ingress.1986995490.cidr_blocks.#": "1",
                            "ingress.1986995490.cidr_blocks.0": "0.0.0.0/0",
                            "ingress.1986995490.description": "",
                            "ingress.1986995490.from_port": "0",
                            "ingress.1986995490.ipv6_cidr_blocks.#": "1",
                            "ingress.1986995490.ipv6_cidr_blocks.0": "::/0",
                            "ingress.1986995490.protocol": "-1",
                            "ingress.1986995490.security_groups.#": "0",
                            "ingress.1986995490.self": "false",
                            "ingress.1986995490.to_port": "0",
                            "name": "kismatic-dev-master-sg",
                            "owner_id": "757234920375",
                            "revoke_rules_on_delete": "false",
                            "tags.%": "3",
                            "tags.KubernetesCluster": "kubernetes",
                            "tags.KubernetesClusterID": "kubernetes",
                            "tags.Name": "kismatic-dev-master-sg",
                            "vpc_id": "vpc-0ce56716cb4771232"
                        },
                        "meta": {
                            "e2bfb730-ecaa-11e6-8f88-34363bc7c4c0": {
                                "create": 600000000000,
                                "delete": 600000000000
                            },
                            "schema_version": "1"
                        },
                        "tainted": false
                    },
                    "deposed": [],
                    "provider": "provider.aws"
                },
                "aws_security_group_rule.egress": {
                    "type": "aws_security_group_rule",
                    "depends_on": [
                        "aws_security_group.sg"
                    ],
                    "primary": {
                        "id": "sgrule-592556234",
                        "attributes": {
                            "cidr_blocks.#": "1",
                            "cidr_blocks.0": "0.0.0.0/0",
                            "description": "",
                            "from_port": "0",
                            "id": "sgrule-592556234",
                            "ipv6_cidr_blocks.#": "1",
                            "ipv6_cidr_blocks.0": "::/0",
                            "prefix_list_ids.#": "0",
                            "protocol": "-1",
                            "security_group_id": "sg-0a583b075720b9539",
                            "self": "false",
                            "to_port": "0",
                            "type": "egress"
                        },
                        "meta": {
                            "schema_version": "2"
                        },
                        "tainted": false
                    },
                    "deposed": [],
                    "provider": "provider.aws"
                },
                "aws_security_group_rule.ingress": {
                    "type": "aws_security_group_rule",
                    "depends_on": [
                        "aws_security_group.sg"
                    ],
                    "primary": {
                        "id": "sgrule-3300578067",
                        "attributes": {
                            "cidr_blocks.#": "1",
                            "cidr_blocks.0": "0.0.0.0/0",
                            "description": "",
                            "from_port": "0",
                            "id": "sgrule-3300578067",
                            "ipv6_cidr_blocks.#": "1",
                            "ipv6_cidr_blocks.0": "::/0",
                            "prefix_list_ids.#": "0",
                            "protocol": "-1",
                            "security_group_id": "sg-0a583b075720b9539",
                            "self": "false",
                            "to_port": "0",
                            "type": "ingress"
                        },
                        "meta": {
                            "schema_version": "2"
                        },
                        "tainted": false
                    },
                    "deposed": [],
                    "provider": "provider.aws"
                }
            },
            "depends_on": []
        },
        {
            "path": [
                "root",
                "network"
            ],
            "outputs": {
                "vpc_id": {
                    "sensitive": false,
                    "type": "string",
                    "value": "vpc-0ce56716cb4771232"
                },
                "vpc_public_routetable": {
                    "sensitive": false,
                    "type": "string",
                    "value": "rtb-0f84f3eab7b0114a4"
                },
                "vpc_public_subnet": {
                    "sensitive": false,
                    "type": "list",
                    "value": [
                        "subnet-0fd3173a1a685d0c1",
                        "subnet-0331cf0b38b666e6a",
                        "subnet-06eca8eb96f68359a"
                    ]
                }
            },
            "resources": {
                "aws_internet_gateway.igw": {
                    "type": "aws_internet_gateway",
                    "depends_on": [
                        "aws_vpc.main"
                    ],
                    "primary": {
                        "id": "igw-07ac73cd05f9e339c",
                        "attributes": {
                            "id": "igw-07ac73cd05f9e339c",
                            "tags.%": "1",
                            "tags.Name": "dev IGW",
                            "vpc_id": "vpc-0ce56716cb4771232"
                        },
                        "meta": {},
                        "tainted": false
                    },
                    "deposed": [],
                    "provider": "provider.aws"
                },
                "aws_route.route-igw": {
                    "type": "aws_route",
                    "depends_on": [
                        "aws_internet_gateway.igw",
                        "aws_route_table.public"
                    ],
                    "primary": {
                        "id": "r-rtb-0f84f3eab7b0114a41080289494",
                        "attributes": {
                            "destination_cidr_block": "0.0.0.0/0",
                            "destination_prefix_list_id": "",
                            "egress_only_gateway_id": "",
                            "gateway_id": "igw-07ac73cd05f9e339c",
                            "id": "r-rtb-0f84f3eab7b0114a41080289494",
                            "instance_id": "",
                            "instance_owner_id": "",
                            "nat_gateway_id": "",
                            "network_interface_id": "",
                            "origin": "CreateRoute",
                            "route_table_id": "rtb-0f84f3eab7b0114a4",
                            "state": "active",
                            "vpc_peering_connection_id": ""
                        },
                        "meta": {
                            "e2bfb730-ecaa-11e6-8f88-34363bc7c4c0": {
                                "create": 120000000000,
                                "delete": 300000000000
                            }
                        },
                        "tainted": false
                    },
                    "deposed": [],
                    "provider": "provider.aws"
                },
                "aws_route_table.public": {
                    "type": "aws_route_table",
                    "depends_on": [
                        "aws_vpc.main"
                    ],
                    "primary": {
                        "id": "rtb-0f84f3eab7b0114a4",
                        "attributes": {
                            "id": "rtb-0f84f3eab7b0114a4",
                            "propagating_vgws.#": "0",
                            "route.#": "1",
                            "route.2221842085.cidr_block": "0.0.0.0/0",
                            "route.2221842085.egress_only_gateway_id": "",
                            "route.2221842085.gateway_id": "igw-07ac73cd05f9e339c",
                            "route.2221842085.instance_id": "",
                            "route.2221842085.ipv6_cidr_block": "",
                            "route.2221842085.nat_gateway_id": "",
                            "route.2221842085.network_interface_id": "",
                            "route.2221842085.vpc_peering_connection_id": "",
                            "tags.%": "1",
                            "tags.Name": "dev-public-route",
                            "vpc_id": "vpc-0ce56716cb4771232"
                        },
                        "meta": {},
                        "tainted": false
                    },
                    "deposed": [],
                    "provider": "provider.aws"
                },
                "aws_route_table_association.public.0": {
                    "type": "aws_route_table_association",
                    "depends_on": [
                        "aws_route_table.public",
                        "aws_subnet.public.*"
                    ],
                    "primary": {
                        "id": "rtbassoc-0ae980fcc1c0132ab",
                        "attributes": {
                            "id": "rtbassoc-0ae980fcc1c0132ab",
                            "route_table_id": "rtb-0f84f3eab7b0114a4",
                            "subnet_id": "subnet-0fd3173a1a685d0c1"
                        },
                        "meta": {},
                        "tainted": false
                    },
                    "deposed": [],
                    "provider": "provider.aws"
                },
                "aws_route_table_association.public.1": {
                    "type": "aws_route_table_association",
                    "depends_on": [
                        "aws_route_table.public",
                        "aws_subnet.public.*"
                    ],
                    "primary": {
                        "id": "rtbassoc-08baf8672d635dcef",
                        "attributes": {
                            "id": "rtbassoc-08baf8672d635dcef",
                            "route_table_id": "rtb-0f84f3eab7b0114a4",
                            "subnet_id": "subnet-0331cf0b38b666e6a"
                        },
                        "meta": {},
                        "tainted": false
                    },
                    "deposed": [],
                    "provider": "provider.aws"
                },
                "aws_route_table_association.public.2": {
                    "type": "aws_route_table_association",
                    "depends_on": [
                        "aws_route_table.public",
                        "aws_subnet.public.*"
                    ],
                    "primary": {
                        "id": "rtbassoc-0cffea43d7d4f4e62",
                        "attributes": {
                            "id": "rtbassoc-0cffea43d7d4f4e62",
                            "route_table_id": "rtb-0f84f3eab7b0114a4",
                            "subnet_id": "subnet-06eca8eb96f68359a"
                        },
                        "meta": {},
                        "tainted": false
                    },
                    "deposed": [],
                    "provider": "provider.aws"
                },
                "aws_subnet.public.0": {
                    "type": "aws_subnet",
                    "depends_on": [
                        "aws_vpc.main"
                    ],
                    "primary": {
                        "id": "subnet-0fd3173a1a685d0c1",
                        "attributes": {
                            "arn": "arn:aws:ec2:eu-west-1:757234920375:subnet/subnet-0fd3173a1a685d0c1",
                            "assign_ipv6_address_on_creation": "false",
                            "availability_zone": "eu-west-1a",
                            "cidr_block": "10.0.1.0/24",
                            "id": "subnet-0fd3173a1a685d0c1",
                            "map_public_ip_on_launch": "true",
                            "tags.%": "1",
                            "tags.Name": "dev-public-eu-west-1a",
                            "vpc_id": "vpc-0ce56716cb4771232"
                        },
                        "meta": {
                            "schema_version": "1"
                        },
                        "tainted": false
                    },
                    "deposed": [],
                    "provider": "provider.aws"
                },
                "aws_subnet.public.1": {
                    "type": "aws_subnet",
                    "depends_on": [
                        "aws_vpc.main"
                    ],
                    "primary": {
                        "id": "subnet-0331cf0b38b666e6a",
                        "attributes": {
                            "arn": "arn:aws:ec2:eu-west-1:757234920375:subnet/subnet-0331cf0b38b666e6a",
                            "assign_ipv6_address_on_creation": "false",
                            "availability_zone": "eu-west-1b",
                            "cidr_block": "10.0.3.0/24",
                            "id": "subnet-0331cf0b38b666e6a",
                            "map_public_ip_on_launch": "true",
                            "tags.%": "1",
                            "tags.Name": "dev-public-eu-west-1b",
                            "vpc_id": "vpc-0ce56716cb4771232"
                        },
                        "meta": {
                            "schema_version": "1"
                        },
                        "tainted": false
                    },
                    "deposed": [],
                    "provider": "provider.aws"
                },
                "aws_subnet.public.2": {
                    "type": "aws_subnet",
                    "depends_on": [
                        "aws_vpc.main"
                    ],
                    "primary": {
                        "id": "subnet-06eca8eb96f68359a",
                        "attributes": {
                            "arn": "arn:aws:ec2:eu-west-1:757234920375:subnet/subnet-06eca8eb96f68359a",
                            "assign_ipv6_address_on_creation": "false",
                            "availability_zone": "eu-west-1c",
                            "cidr_block": "10.0.5.0/24",
                            "id": "subnet-06eca8eb96f68359a",
                            "map_public_ip_on_launch": "true",
                            "tags.%": "1",
                            "tags.Name": "dev-public-eu-west-1c",
                            "vpc_id": "vpc-0ce56716cb4771232"
                        },
                        "meta": {
                            "schema_version": "1"
                        },
                        "tainted": false
                    },
                    "deposed": [],
                    "provider": "provider.aws"
                },
                "aws_vpc.main": {
                    "type": "aws_vpc",
                    "depends_on": [],
                    "primary": {
                        "id": "vpc-0ce56716cb4771232",
                        "attributes": {
                            "arn": "arn:aws:ec2:eu-west-1:757234920375:vpc/vpc-0ce56716cb4771232",
                            "assign_generated_ipv6_cidr_block": "false",
                            "cidr_block": "10.0.0.0/16",
                            "default_network_acl_id": "acl-0e8a08c99f764470f",
                            "default_route_table_id": "rtb-068b4150ed7953d18",
                            "default_security_group_id": "sg-0a5d6f1d83742fb8f",
                            "dhcp_options_id": "dopt-bb49dedd",
                            "enable_classiclink": "false",
                            "enable_classiclink_dns_support": "false",
                            "enable_dns_hostnames": "true",
                            "enable_dns_support": "true",
                            "id": "vpc-0ce56716cb4771232",
                            "instance_tenancy": "default",
                            "main_route_table_id": "rtb-068b4150ed7953d18",
                            "tags.%": "1",
                            "tags.Name": "kismatic-dev-vpc"
                        },
                        "meta": {
                            "schema_version": "1"
                        },
                        "tainted": false
                    },
                    "deposed": [],
                    "provider": "provider.aws"
                }
            },
            "depends_on": []
        },
        {
            "path": [
                "root",
                "worker"
            ],
            "outputs": {
                "sg-id": {
                    "sensitive": false,
                    "type": "string",
                    "value": "sg-0c85365edbed7c47b"
                }
            },
            "resources": {
                "aws_autoscaling_group.asg": {
                    "type": "aws_autoscaling_group",
                    "depends_on": [
                        "aws_launch_configuration.lc"
                    ],
                    "primary": {
                        "id": "kismatic-dev-worker",
                        "attributes": {
                            "arn": "arn:aws:autoscaling:eu-west-1:757234920375:autoScalingGroup:c2d1c59f-4021-424e-b8d7-cfa4d50d62dc:autoScalingGroupName/kismatic-dev-worker",
                            "availability_zones.#": "1",
                            "availability_zones.94988580": "eu-west-1c",
                            "default_cooldown": "300",
                            "desired_capacity": "2",
                            "enabled_metrics.#": "0",
                            "force_delete": "false",
                            "health_check_grace_period": "60",
                            "health_check_type": "EC2",
                            "id": "kismatic-dev-worker",
                            "launch_configuration": "kismatic-dev-lc-worker-20180829232956621100000003",
                            "launch_template.#": "0",
                            "load_balancers.#": "0",
                            "max_size": "2",
                            "metrics_granularity": "1Minute",
                            "min_size": "2",
                            "name": "kismatic-dev-worker",
                            "placement_group": "",
                            "protect_from_scale_in": "false",
                            "service_linked_role_arn": "arn:aws:iam::757234920375:role/aws-service-role/autoscaling.amazonaws.com/AWSServiceRoleForAutoScaling",
                            "suspended_processes.#": "0",
                            "tag.#": "0",
                            "tags.#": "1",
                            "tags.0.%": "3",
                            "tags.0.key": "KubernetesClusterID",
                            "tags.0.propagate_at_launch": "1",
                            "tags.0.value": "kubernetes",
                            "target_group_arns.#": "0",
                            "termination_policies.#": "0",
                            "vpc_zone_identifier.#": "1",
                            "vpc_zone_identifier.2548740702": "subnet-06eca8eb96f68359a",
                            "wait_for_capacity_timeout": "0"
                        },
                        "meta": {
                            "e2bfb730-ecaa-11e6-8f88-34363bc7c4c0": {
                                "delete": 600000000000
                            }
                        },
                        "tainted": false
                    },
                    "deposed": [],
                    "provider": "provider.aws"
                },
                "aws_launch_configuration.lc": {
                    "type": "aws_launch_configuration",
                    "depends_on": [
                        "aws_security_group.sg"
                    ],
                    "primary": {
                        "id": "kismatic-dev-lc-worker-20180829232956621100000003",
                        "attributes": {
                            "associate_public_ip_address": "true",
                            "ebs_block_device.#": "0",
                            "ebs_optimized": "false",
                            "enable_monitoring": "true",
                            "ephemeral_block_device.#": "0",
                            "iam_instance_profile": "box-instance-profile",
                            "id": "kismatic-dev-lc-worker-20180829232956621100000003",
                            "image_id": "ami-7c491f05",
                            "instance_type": "t2.micro",
                            "key_name": "kismatic",
                            "name": "kismatic-dev-lc-worker-20180829232956621100000003",
                            "name_prefix": "kismatic-dev-lc-worker-",
                            "root_block_device.#": "0",
                            "security_groups.#": "1",
                            "security_groups.963939542": "sg-0c85365edbed7c47b",
                            "spot_price": "",
                            "vpc_classic_link_id": "",
                            "vpc_classic_link_security_groups.#": "0"
                        },
                        "meta": {},
                        "tainted": false
                    },
                    "deposed": [],
                    "provider": "provider.aws"
                },
                "aws_security_group.sg": {
                    "type": "aws_security_group",
                    "depends_on": [],
                    "primary": {
                        "id": "sg-0c85365edbed7c47b",
                        "attributes": {
                            "arn": "arn:aws:ec2:eu-west-1:757234920375:security-group/sg-0c85365edbed7c47b",
                            "description": "worker security group",
                            "egress.#": "1",
                            "egress.1986995490.cidr_blocks.#": "1",
                            "egress.1986995490.cidr_blocks.0": "0.0.0.0/0",
                            "egress.1986995490.description": "",
                            "egress.1986995490.from_port": "0",
                            "egress.1986995490.ipv6_cidr_blocks.#": "1",
                            "egress.1986995490.ipv6_cidr_blocks.0": "::/0",
                            "egress.1986995490.prefix_list_ids.#": "0",
                            "egress.1986995490.protocol": "-1",
                            "egress.1986995490.security_groups.#": "0",
                            "egress.1986995490.self": "false",
                            "egress.1986995490.to_port": "0",
                            "id": "sg-0c85365edbed7c47b",
                            "ingress.#": "1",
                            "ingress.1986995490.cidr_blocks.#": "1",
                            "ingress.1986995490.cidr_blocks.0": "0.0.0.0/0",
                            "ingress.1986995490.description": "",
                            "ingress.1986995490.from_port": "0",
                            "ingress.1986995490.ipv6_cidr_blocks.#": "1",
                            "ingress.1986995490.ipv6_cidr_blocks.0": "::/0",
                            "ingress.1986995490.protocol": "-1",
                            "ingress.1986995490.security_groups.#": "0",
                            "ingress.1986995490.self": "false",
                            "ingress.1986995490.to_port": "0",
                            "name": "kismatic-dev-worker-sg",
                            "owner_id": "757234920375",
                            "revoke_rules_on_delete": "false",
                            "tags.%": "3",
                            "tags.KubernetesCluster": "kubernetes",
                            "tags.KubernetesClusterID": "kubernetes",
                            "tags.Name": "kismatic-dev-worker-sg",
                            "vpc_id": "vpc-0ce56716cb4771232"
                        },
                        "meta": {
                            "e2bfb730-ecaa-11e6-8f88-34363bc7c4c0": {
                                "create": 600000000000,
                                "delete": 600000000000
                            },
                            "schema_version": "1"
                        },
                        "tainted": false
                    },
                    "deposed": [],
                    "provider": "provider.aws"
                },
                "aws_security_group_rule.egress": {
                    "type": "aws_security_group_rule",
                    "depends_on": [
                        "aws_security_group.sg"
                    ],
                    "primary": {
                        "id": "sgrule-270222722",
                        "attributes": {
                            "cidr_blocks.#": "1",
                            "cidr_blocks.0": "0.0.0.0/0",
                            "description": "",
                            "from_port": "0",
                            "id": "sgrule-270222722",
                            "ipv6_cidr_blocks.#": "1",
                            "ipv6_cidr_blocks.0": "::/0",
                            "prefix_list_ids.#": "0",
                            "protocol": "-1",
                            "security_group_id": "sg-0c85365edbed7c47b",
                            "self": "false",
                            "to_port": "0",
                            "type": "egress"
                        },
                        "meta": {
                            "schema_version": "2"
                        },
                        "tainted": false
                    },
                    "deposed": [],
                    "provider": "provider.aws"
                },
                "aws_security_group_rule.ingress": {
                    "type": "aws_security_group_rule",
                    "depends_on": [
                        "aws_security_group.sg"
                    ],
                    "primary": {
                        "id": "sgrule-3163443268",
                        "attributes": {
                            "cidr_blocks.#": "1",
                            "cidr_blocks.0": "0.0.0.0/0",
                            "description": "",
                            "from_port": "0",
                            "id": "sgrule-3163443268",
                            "ipv6_cidr_blocks.#": "1",
                            "ipv6_cidr_blocks.0": "::/0",
                            "prefix_list_ids.#": "0",
                            "protocol": "-1",
                            "security_group_id": "sg-0c85365edbed7c47b",
                            "self": "false",
                            "to_port": "0",
                            "type": "ingress"
                        },
                        "meta": {
                            "schema_version": "2"
                        },
                        "tainted": false
                    },
                    "deposed": [],
                    "provider": "provider.aws"
                }
            },
            "depends_on": []
        }
    ]
}
